# THIS IS AN AUTOGENERATED FILE. DO NOT EDIT THIS FILE DIRECTLY.
# yarn lockfile v1


"@coreui/coreui-plugin-npm-postinstall@^1.0.2":
  version "1.0.2"
  resolved "https://registry.yarnpkg.com/@coreui/coreui-plugin-npm-postinstall/-/coreui-plugin-npm-postinstall-1.0.2.tgz#6daeb2ec786580d9c0849b05bc3e8d0222d5c463"

"@coreui/coreui@2.1.12":
  version "2.1.12"
  resolved "https://registry.yarnpkg.com/@coreui/coreui/-/coreui-2.1.12.tgz#778b03a59984becb5441410a7595f6a064d388cd"
  dependencies:
    "@coreui/coreui-plugin-npm-postinstall" "^1.0.2"
    bootstrap "^4.3.1"
    core-js "^3.1.3"
    regenerator-runtime "^0.13.2"

bootstrap@^4.3.1:
  version "4.3.1"
  resolved "https://registry.yarnpkg.com/bootstrap/-/bootstrap-4.3.1.tgz#280ca8f610504d99d7b6b4bfc4b68cec601704ac"

core-js@^3.1.3:
  version "3.1.4"
  resolved "https://registry.yarnpkg.com/core-js/-/core-js-3.1.4.tgz#3a2837fc48e582e1ae25907afcd6cf03b0cc7a07"

regenerator-runtime@^0.13.2:
  version "0.13.2"
  resolved "https://registry.yarnpkg.com/regenerator-runtime/-/regenerator-runtime-0.13.2.tgz#32e59c9a6fb9b1a4aff09b4930ca2d4477343447"
